
Microsoft Visual Studio Solution File, Format Version 12.00
# Visual Studio Version 16
VisualStudioVersion = 16.0.29418.71
MinimumVisualStudioVersion = 10.0.40219.1
Project("{8BC9CEB8-8B4A-11D0-8D11-00A0C91BC942}") = "cplus_lab2", "cplus_lab2\cplus_lab2.vcxproj", "{BADB9FF5-F7DE-4952-B72B-0F7D82979339}"
EndProject
Global
	GlobalSection(SolutionConfigurationPlatforms) = preSolution
		Debug|x64 = Debug|x64
		Debug|x86 = Debug|x86
		Release|x64 = Release|x64
		Release|x86 = Release|x86
	EndGlobalSection
	GlobalSection(ProjectConfigurationPlatforms) = postSolution
		{BADB9FF5-F7DE-4952-B72B-0F7D82979339}.Debug|x64.ActiveCfg = Debug|x64
		{BADB9FF5-F7DE-4952-B72B-0F7D82979339}.Debug|x64.Build.0 = Debug|x64
		{BADB9FF5-F7DE-4952-B72B-0F7D82979339}.Debug|x86.ActiveCfg = Debug|Win32
		{BADB9FF5-F7DE-4952-B72B-0F7D82979339}.Debug|x86.Build.0 = Debug|Win32
		{BADB9FF5-F7DE-4952-B72B-0F7D82979339}.Release|x64.ActiveCfg = Release|x64
		{BADB9FF5-F7DE-4952-B72B-0F7D82979339}.Release|x64.Build.0 = Release|x64
		{BADB9FF5-F7DE-4952-B72B-0F7D82979339}.Release|x86.ActiveCfg = Release|Win32
		{BADB9FF5-F7DE-4952-B72B-0F7D82979339}.Release|x86.Build.0 = Release|Win32
	EndGlobalSection
	GlobalSection(SolutionProperties) = preSolution
		HideSolutionNode = FALSE
	EndGlobalSection
	GlobalSection(ExtensibilityGlobals) = postSolution
		SolutionGuid = {A9A83538-274F-4FCB-8424-5D94E73FFD79}
	EndGlobalSection
EndGlobal
